
Microsoft Visual Studio Solution File, Format Version 12.00
# Visual Studio Version 17
VisualStudioVersion = 17.12.35514.174
MinimumVisualStudioVersion = 10.0.40219.1
Project("{FAE04EC0-301F-11D3-BF4B-00C04F79EFBC}") = "Web", "Web\Web.csproj", "{921BEB7F-F508-4E7C-90C3-125721E5A27D}"
EndProject
Project("{2150E333-8FDC-42A3-9474-1A3956D46DE8}") = "src", "src", "{4C09CA50-69A3-49BC-97FE-B69472EE9135}"
EndProject
Project("{2150E333-8FDC-42A3-9474-1A3956D46DE8}") = "aspire", "aspire", "{D4D194ED-3172-4FDC-AFD7-70302D8A1484}"
EndProject
Project("{FAE04EC0-301F-11D3-BF4B-00C04F79EFBC}") = "Aspire.AppHost", "Aspire.AppHost\Aspire.AppHost.csproj", "{A11041F8-2E75-48FD-BFCA-DE07CF4D6CB0}"
EndProject
Project("{FAE04EC0-301F-11D3-BF4B-00C04F79EFBC}") = "Aspire.ServiceDefaults", "Aspire.ServiceDefaults\Aspire.ServiceDefaults.csproj", "{30C9D0F9-DEDA-4756-83D9-A43DF00448BC}"
EndProject
Project("{FAE04EC0-301F-11D3-BF4B-00C04F79EFBC}") = "Application", "Application\Application.csproj", "{90CB452F-CC47-4767-8D8A-ECDF23C68976}"
EndProject
Project("{FAE04EC0-301F-11D3-BF4B-00C04F79EFBC}") = "Infrastructure", "Infrastructure\Infrastructure.csproj", "{4112C9B9-9708-4C39-B0AE-495EB467AF17}"
EndProject
Project("{FAE04EC0-301F-11D3-BF4B-00C04F79EFBC}") = "Domain", "Domain\Domain.csproj", "{7FC92D24-52D4-4AA8-A316-E3CF010537D0}"
EndProject
Project("{2150E333-8FDC-42A3-9474-1A3956D46DE8}") = "tests", "tests", "{02EA681E-C7D8-13C7-8484-4AC65E1B71E8}"
EndProject
Project("{FAE04EC0-301F-11D3-BF4B-00C04F79EFBC}") = "FunctionalTests", "FunctionalTests\FunctionalTests.csproj", "{4F9ED504-5C92-4F06-8A31-762F90068BF9}"
EndProject
Project("{FAE04EC0-301F-11D3-BF4B-00C04F79EFBC}") = "UnitTests", "UnitTests\UnitTests.csproj", "{E57D93BF-3DBF-41D2-ADF0-50E4C61F11BB}"
EndProject
Project("{FAE04EC0-301F-11D3-BF4B-00C04F79EFBC}") = "IntegrationTests", "IntegrationTests\IntegrationTests.csproj", "{545F70C2-8B3F-47D7-B267-185FBD7B78B6}"
EndProject
Global
	GlobalSection(SolutionConfigurationPlatforms) = preSolution
		Debug|Any CPU = Debug|Any CPU
		Release|Any CPU = Release|Any CPU
	EndGlobalSection
	GlobalSection(ProjectConfigurationPlatforms) = postSolution
		{921BEB7F-F508-4E7C-90C3-125721E5A27D}.Debug|Any CPU.ActiveCfg = Debug|Any CPU
		{921BEB7F-F508-4E7C-90C3-125721E5A27D}.Debug|Any CPU.Build.0 = Debug|Any CPU
		{921BEB7F-F508-4E7C-90C3-125721E5A27D}.Release|Any CPU.ActiveCfg = Release|Any CPU
		{921BEB7F-F508-4E7C-90C3-125721E5A27D}.Release|Any CPU.Build.0 = Release|Any CPU
		{A11041F8-2E75-48FD-BFCA-DE07CF4D6CB0}.Debug|Any CPU.ActiveCfg = Debug|Any CPU
		{A11041F8-2E75-48FD-BFCA-DE07CF4D6CB0}.Debug|Any CPU.Build.0 = Debug|Any CPU
		{A11041F8-2E75-48FD-BFCA-DE07CF4D6CB0}.Release|Any CPU.ActiveCfg = Release|Any CPU
		{A11041F8-2E75-48FD-BFCA-DE07CF4D6CB0}.Release|Any CPU.Build.0 = Release|Any CPU
		{30C9D0F9-DEDA-4756-83D9-A43DF00448BC}.Debug|Any CPU.ActiveCfg = Debug|Any CPU
		{30C9D0F9-DEDA-4756-83D9-A43DF00448BC}.Debug|Any CPU.Build.0 = Debug|Any CPU
		{30C9D0F9-DEDA-4756-83D9-A43DF00448BC}.Release|Any CPU.ActiveCfg = Release|Any CPU
		{30C9D0F9-DEDA-4756-83D9-A43DF00448BC}.Release|Any CPU.Build.0 = Release|Any CPU
		{90CB452F-CC47-4767-8D8A-ECDF23C68976}.Debug|Any CPU.ActiveCfg = Debug|Any CPU
		{90CB452F-CC47-4767-8D8A-ECDF23C68976}.Debug|Any CPU.Build.0 = Debug|Any CPU
		{90CB452F-CC47-4767-8D8A-ECDF23C68976}.Release|Any CPU.ActiveCfg = Release|Any CPU
		{90CB452F-CC47-4767-8D8A-ECDF23C68976}.Release|Any CPU.Build.0 = Release|Any CPU
		{4112C9B9-9708-4C39-B0AE-495EB467AF17}.Debug|Any CPU.ActiveCfg = Debug|Any CPU
		{4112C9B9-9708-4C39-B0AE-495EB467AF17}.Debug|Any CPU.Build.0 = Debug|Any CPU
		{4112C9B9-9708-4C39-B0AE-495EB467AF17}.Release|Any CPU.ActiveCfg = Release|Any CPU
		{4112C9B9-9708-4C39-B0AE-495EB467AF17}.Release|Any CPU.Build.0 = Release|Any CPU
		{7FC92D24-52D4-4AA8-A316-E3CF010537D0}.Debug|Any CPU.ActiveCfg = Debug|Any CPU
		{7FC92D24-52D4-4AA8-A316-E3CF010537D0}.Debug|Any CPU.Build.0 = Debug|Any CPU
		{7FC92D24-52D4-4AA8-A316-E3CF010537D0}.Release|Any CPU.ActiveCfg = Release|Any CPU
		{7FC92D24-52D4-4AA8-A316-E3CF010537D0}.Release|Any CPU.Build.0 = Release|Any CPU
		{4F9ED504-5C92-4F06-8A31-762F90068BF9}.Debug|Any CPU.ActiveCfg = Debug|Any CPU
		{4F9ED504-5C92-4F06-8A31-762F90068BF9}.Debug|Any CPU.Build.0 = Debug|Any CPU
		{4F9ED504-5C92-4F06-8A31-762F90068BF9}.Release|Any CPU.ActiveCfg = Release|Any CPU
		{4F9ED504-5C92-4F06-8A31-762F90068BF9}.Release|Any CPU.Build.0 = Release|Any CPU
		{E57D93BF-3DBF-41D2-ADF0-50E4C61F11BB}.Debug|Any CPU.ActiveCfg = Debug|Any CPU
		{E57D93BF-3DBF-41D2-ADF0-50E4C61F11BB}.Debug|Any CPU.Build.0 = Debug|Any CPU
		{E57D93BF-3DBF-41D2-ADF0-50E4C61F11BB}.Release|Any CPU.ActiveCfg = Release|Any CPU
		{E57D93BF-3DBF-41D2-ADF0-50E4C61F11BB}.Release|Any CPU.Build.0 = Release|Any CPU
		{545F70C2-8B3F-47D7-B267-185FBD7B78B6}.Debug|Any CPU.ActiveCfg = Debug|Any CPU
		{545F70C2-8B3F-47D7-B267-185FBD7B78B6}.Debug|Any CPU.Build.0 = Debug|Any CPU
		{545F70C2-8B3F-47D7-B267-185FBD7B78B6}.Release|Any CPU.ActiveCfg = Release|Any CPU
		{545F70C2-8B3F-47D7-B267-185FBD7B78B6}.Release|Any CPU.Build.0 = Release|Any CPU
	EndGlobalSection
	GlobalSection(SolutionProperties) = preSolution
		HideSolutionNode = FALSE
	EndGlobalSection
	GlobalSection(NestedProjects) = preSolution
		{921BEB7F-F508-4E7C-90C3-125721E5A27D} = {4C09CA50-69A3-49BC-97FE-B69472EE9135}
		{A11041F8-2E75-48FD-BFCA-DE07CF4D6CB0} = {D4D194ED-3172-4FDC-AFD7-70302D8A1484}
		{30C9D0F9-DEDA-4756-83D9-A43DF00448BC} = {D4D194ED-3172-4FDC-AFD7-70302D8A1484}
		{90CB452F-CC47-4767-8D8A-ECDF23C68976} = {4C09CA50-69A3-49BC-97FE-B69472EE9135}
		{4112C9B9-9708-4C39-B0AE-495EB467AF17} = {4C09CA50-69A3-49BC-97FE-B69472EE9135}
		{7FC92D24-52D4-4AA8-A316-E3CF010537D0} = {4C09CA50-69A3-49BC-97FE-B69472EE9135}
		{4F9ED504-5C92-4F06-8A31-762F90068BF9} = {02EA681E-C7D8-13C7-8484-4AC65E1B71E8}
		{E57D93BF-3DBF-41D2-ADF0-50E4C61F11BB} = {02EA681E-C7D8-13C7-8484-4AC65E1B71E8}
		{545F70C2-8B3F-47D7-B267-185FBD7B78B6} = {02EA681E-C7D8-13C7-8484-4AC65E1B71E8}
	EndGlobalSection
	GlobalSection(ExtensibilityGlobals) = postSolution
		SolutionGuid = {30C03562-99AB-4845-A99D-D89D1F88655C}
	EndGlobalSection
EndGlobal
